
Microsoft Visual Studio Solution File, Format Version 12.00
# Visual Studio Version 17
VisualStudioVersion = 17.0.31903.59
MinimumVisualStudioVersion = 10.0.40219.1
Project("{FAE04EC0-301F-11D3-BF4B-00C04F79EFBC}") = "API", "API\API.csproj", "{777F4A18-F11B-427F-82D9-9A06E1C6F6C9}"
EndProject
Project("{FAE04EC0-301F-11D3-BF4B-00C04F79EFBC}") = "Core", "Core\Core.csproj", "{4C3AFCA3-BC8A-4723-A95E-3B8EDF29C36B}"
EndProject
Project("{FAE04EC0-301F-11D3-BF4B-00C04F79EFBC}") = "Infrastructure", "Infrastructure\Infrastructure.csproj", "{305F5BBD-0C8B-4636-8E5A-0057C0FBF37B}"
EndProject
Global
	GlobalSection(SolutionConfigurationPlatforms) = preSolution
		Debug|Any CPU = Debug|Any CPU
		Release|Any CPU = Release|Any CPU
	EndGlobalSection
	GlobalSection(SolutionProperties) = preSolution
		HideSolutionNode = FALSE
	EndGlobalSection
	GlobalSection(ProjectConfigurationPlatforms) = postSolution
		{777F4A18-F11B-427F-82D9-9A06E1C6F6C9}.Debug|Any CPU.ActiveCfg = Debug|Any CPU
		{777F4A18-F11B-427F-82D9-9A06E1C6F6C9}.Debug|Any CPU.Build.0 = Debug|Any CPU
		{777F4A18-F11B-427F-82D9-9A06E1C6F6C9}.Release|Any CPU.ActiveCfg = Release|Any CPU
		{777F4A18-F11B-427F-82D9-9A06E1C6F6C9}.Release|Any CPU.Build.0 = Release|Any CPU
		{4C3AFCA3-BC8A-4723-A95E-3B8EDF29C36B}.Debug|Any CPU.ActiveCfg = Debug|Any CPU
		{4C3AFCA3-BC8A-4723-A95E-3B8EDF29C36B}.Debug|Any CPU.Build.0 = Debug|Any CPU
		{4C3AFCA3-BC8A-4723-A95E-3B8EDF29C36B}.Release|Any CPU.ActiveCfg = Release|Any CPU
		{4C3AFCA3-BC8A-4723-A95E-3B8EDF29C36B}.Release|Any CPU.Build.0 = Release|Any CPU
		{305F5BBD-0C8B-4636-8E5A-0057C0FBF37B}.Debug|Any CPU.ActiveCfg = Debug|Any CPU
		{305F5BBD-0C8B-4636-8E5A-0057C0FBF37B}.Debug|Any CPU.Build.0 = Debug|Any CPU
		{305F5BBD-0C8B-4636-8E5A-0057C0FBF37B}.Release|Any CPU.ActiveCfg = Release|Any CPU
		{305F5BBD-0C8B-4636-8E5A-0057C0FBF37B}.Release|Any CPU.Build.0 = Release|Any CPU
	EndGlobalSection
EndGlobal
